{
  "name": "kulchinskiy",
  "version": "1.0.0",
  "lockfileVersion": 1,
  "requires": true,
  "dependencies": {
    "@tsconfig/esm": {
      "version": "1.0.0",
      "resolved": "https://registry.npmjs.org/@tsconfig/esm/-/esm-1.0.0.tgz",
      "integrity": "sha512-vrMQ/cCJ4YBj1iAdbh4Pmaw2aEdwwyjhM8KA9wOjHsm+aPvCnV2/rYY6zzpOW6UuYrrmZBRjIO75/X+e0CXZ5w==",
      "dev": true
    },
    "typescript": {
      "version": "4.6.4",
      "resolved": "https://registry.npmjs.org/typescript/-/typescript-4.6.4.tgz",
      "integrity": "sha512-9ia/jWHIEbo49HfjrLGfKbZSuWo9iTMwXO+Ca3pRsSpbsMbc7/IU8NKdCZVRRBafVPGnoJeFL76ZOAA84I9fEg==",
      "dev": true
    }
  }
}
